
Microsoft Visual Studio Solution File, Format Version 12.00
# Visual Studio 14
VisualStudioVersion = 14.0.25123.0
MinimumVisualStudioVersion = 10.0.40219.1
Project("{FAE04EC0-301F-11D3-BF4B-00C04F79EFBC}") = "SC.FANECOM.SRL", "SC.FANECOM.SRL\SC.FANECOM.SRL.csproj", "{054900C0-D45B-496F-9F8E-351420C05F56}"
EndProject
Project("{FAE04EC0-301F-11D3-BF4B-00C04F79EFBC}") = "Model", "Model\Model.csproj", "{F7B8E9A0-E8DA-48A4-8785-2E2C40BDAF88}"
EndProject
Project("{FAE04EC0-301F-11D3-BF4B-00C04F79EFBC}") = "Controller", "Controller\Controller.csproj", "{656B907A-DE87-4AE3-8D2D-EF0618F43471}"
EndProject
Global
	GlobalSection(SolutionConfigurationPlatforms) = preSolution
		Debug|Any CPU = Debug|Any CPU
		Release|Any CPU = Release|Any CPU
	EndGlobalSection
	GlobalSection(ProjectConfigurationPlatforms) = postSolution
		{054900C0-D45B-496F-9F8E-351420C05F56}.Debug|Any CPU.ActiveCfg = Debug|Any CPU
		{054900C0-D45B-496F-9F8E-351420C05F56}.Debug|Any CPU.Build.0 = Debug|Any CPU
		{054900C0-D45B-496F-9F8E-351420C05F56}.Release|Any CPU.ActiveCfg = Release|Any CPU
		{054900C0-D45B-496F-9F8E-351420C05F56}.Release|Any CPU.Build.0 = Release|Any CPU
		{F7B8E9A0-E8DA-48A4-8785-2E2C40BDAF88}.Debug|Any CPU.ActiveCfg = Debug|Any CPU
		{F7B8E9A0-E8DA-48A4-8785-2E2C40BDAF88}.Debug|Any CPU.Build.0 = Debug|Any CPU
		{F7B8E9A0-E8DA-48A4-8785-2E2C40BDAF88}.Release|Any CPU.ActiveCfg = Release|Any CPU
		{F7B8E9A0-E8DA-48A4-8785-2E2C40BDAF88}.Release|Any CPU.Build.0 = Release|Any CPU
		{656B907A-DE87-4AE3-8D2D-EF0618F43471}.Debug|Any CPU.ActiveCfg = Debug|Any CPU
		{656B907A-DE87-4AE3-8D2D-EF0618F43471}.Debug|Any CPU.Build.0 = Debug|Any CPU
		{656B907A-DE87-4AE3-8D2D-EF0618F43471}.Release|Any CPU.ActiveCfg = Release|Any CPU
		{656B907A-DE87-4AE3-8D2D-EF0618F43471}.Release|Any CPU.Build.0 = Release|Any CPU
	EndGlobalSection
	GlobalSection(SolutionProperties) = preSolution
		HideSolutionNode = FALSE
	EndGlobalSection
EndGlobal
